
Microsoft Visual Studio Solution File, Format Version 12.00
# Visual Studio Version 16
VisualStudioVersion = 16.0.29411.108
MinimumVisualStudioVersion = 10.0.40219.1
Project("{2150E333-8FDC-42A3-9474-1A3956D46DE8}") = "Modules", "Modules", "{0C20AB8C-1916-4C68-9C55-0515B1841408}"
EndProject
Project("{FAE04EC0-301F-11D3-BF4B-00C04F79EFBC}") = "ERService", "ERService.Application\ERService.csproj", "{ECC7816C-F505-461F-883D-99F559501F4A}"
EndProject
Project("{FAE04EC0-301F-11D3-BF4B-00C04F79EFBC}") = "ERService.Infrastructure", "ERService.Infrastructure\ERService.Infrastructure.csproj", "{3E121EEF-DAE9-4799-99DF-0802D6C644BB}"
EndProject
Project("{2150E333-8FDC-42A3-9474-1A3956D46DE8}") = "Business", "Business", "{FB69CB93-CE2B-4568-BB54-D1DFBA8B357C}"
EndProject
Project("{FAE04EC0-301F-11D3-BF4B-00C04F79EFBC}") = "ERService.Business", "ERService.Business\ERService.Business.csproj", "{C154C972-2789-4666-852D-1215DFF4914A}"
EndProject
Project("{FAE04EC0-301F-11D3-BF4B-00C04F79EFBC}") = "ERService.Navigation", "ERService.NavigationModule\ERService.Navigation.csproj", "{0580267C-8C3F-4D71-BD5A-851E67B08812}"
EndProject
Project("{FAE04EC0-301F-11D3-BF4B-00C04F79EFBC}") = "ERService.Customer", "ERService.CustomerModule\ERService.Customer.csproj", "{73229C43-9BB4-42B6-B7DF-A61A369CC85A}"
EndProject
Project("{FAE04EC0-301F-11D3-BF4B-00C04F79EFBC}") = "ERService.StatusBar", "ERService.StatusBarModule\ERService.StatusBar.csproj", "{E26D3ECE-1846-46A7-A570-FE2A969561BC}"
EndProject
Project("{FAE04EC0-301F-11D3-BF4B-00C04F79EFBC}") = "ERService.Services", "ERService.Services\ERService.Services.csproj", "{0F415C32-6D96-4551-AA5C-5101C267C4F6}"
EndProject
Project("{FAE04EC0-301F-11D3-BF4B-00C04F79EFBC}") = "ERService.Header", "ERService.Header\ERService.Header.csproj", "{29CCB452-8D14-4FD4-AF65-7BD659640829}"
EndProject
Project("{FAE04EC0-301F-11D3-BF4B-00C04F79EFBC}") = "ERService.Settings", "ERService.Settings\ERService.Settings.csproj", "{406E7194-6493-4031-9FC3-B341E84C9D1A}"
EndProject
Project("{FAE04EC0-301F-11D3-BF4B-00C04F79EFBC}") = "ERService.StartPage", "ERService.StartPage\ERService.StartPage.csproj", "{1AA0F144-F7E9-4C27-AE41-4CB8EC09DA20}"
EndProject
Project("{FAE04EC0-301F-11D3-BF4B-00C04F79EFBC}") = "ERService.MSSQLDataAccess", "ERService.SQLCompactDataAccess\ERService.MSSQLDataAccess.csproj", "{BDB0A081-4EA0-4986-8F45-6A0112835C13}"
EndProject
Project("{FAE04EC0-301F-11D3-BF4B-00C04F79EFBC}") = "ERService.Notification", "ERService.Notification\ERService.Notification.csproj", "{1EFF5441-4B33-4F9A-BDDA-E01243AC4AB9}"
EndProject
Project("{FAE04EC0-301F-11D3-BF4B-00C04F79EFBC}") = "ERService.Order", "ERService.Order\ERService.Order.csproj", "{0EF3F2EB-B309-4F06-A14D-949B81B5B308}"
EndProject
Project("{FAE04EC0-301F-11D3-BF4B-00C04F79EFBC}") = "ERService.Hardware", "ERService.Hardware\ERService.Hardware.csproj", "{296667E4-9991-4F81-9CB9-B81FC9485825}"
EndProject
Project("{FAE04EC0-301F-11D3-BF4B-00C04F79EFBC}") = "ERService.RBAC", "ERService.RBACManager\ERService.RBAC.csproj", "{760DD7CC-474C-4386-BF15-71A4D2B24AE6}"
EndProject
Project("{2150E333-8FDC-42A3-9474-1A3956D46DE8}") = "Tests", "Tests", "{CC555453-D8FC-4A85-BB8B-2A2873444B43}"
EndProject
Project("{FAE04EC0-301F-11D3-BF4B-00C04F79EFBC}") = "RBACLibTestsXUnit", "RBACLibTestsXUnit\RBACLibTestsXUnit.csproj", "{C3457E38-51A5-4FC0-AB43-9E70766F0C6D}"
EndProject
Project("{FAE04EC0-301F-11D3-BF4B-00C04F79EFBC}") = "CustomerLibTestsXUnit", "CustomerLibTestsXUnit\CustomerLibTestsXUnit.csproj", "{63896403-EF5A-40CE-80BE-188F63C57DF7}"
EndProject
Project("{FAE04EC0-301F-11D3-BF4B-00C04F79EFBC}") = "InfrastructureLibTestXUnit", "InfrastructureLibTestXUnit\InfrastructureLibTestXUnit.csproj", "{1358F788-638F-4AE6-8159-3406E280EF44}"
EndProject
Project("{FAE04EC0-301F-11D3-BF4B-00C04F79EFBC}") = "ERService.HtmlEditor", "HTMLEditor\SmithHtmlEditor\ERService.HtmlEditor.csproj", "{84BADDA1-AB3A-4064-B87E-178D7446901D}"
EndProject
Project("{FAE04EC0-301F-11D3-BF4B-00C04F79EFBC}") = "ERService.TemplateEditor", "ERService.TemplateEditor\ERService.TemplateEditor.csproj", "{D5879452-68C7-4990-8776-0861594528C4}"
EndProject
Project("{FAE04EC0-301F-11D3-BF4B-00C04F79EFBC}") = "OrderLibTestsXUnit", "OrderLibTestsXUnit\OrderLibTestsXUnit.csproj", "{E84924AB-7111-453D-807F-DED12F72DBC4}"
EndProject
Project("{FAE04EC0-301F-11D3-BF4B-00C04F79EFBC}") = "TemplateEditorLibTestsXUnit", "TemplateEditorLibTestsXUnit\TemplateEditorLibTestsXUnit.csproj", "{0A9E2222-EB8A-4FC1-B788-E95E7AB9CBFC}"
EndProject
Project("{FAE04EC0-301F-11D3-BF4B-00C04F79EFBC}") = "ERService.SettingsUnitTests", "ERService.SettingsUnitTests\ERService.SettingsUnitTests.csproj", "{373720C3-09B2-4E02-B6EF-B48A28A94174}"
EndProject
Project("{FAE04EC0-301F-11D3-BF4B-00C04F79EFBC}") = "ERService.Licensing", "ERService.License\ERService.Licensing.csproj", "{F7E9AE93-8CF6-4C0F-90EA-F876F7846DC7}"
EndProject
Global
	GlobalSection(SolutionConfigurationPlatforms) = preSolution
		Debug|Any CPU = Debug|Any CPU
		Release|Any CPU = Release|Any CPU
	EndGlobalSection
	GlobalSection(ProjectConfigurationPlatforms) = postSolution
		{ECC7816C-F505-461F-883D-99F559501F4A}.Debug|Any CPU.ActiveCfg = Debug|Any CPU
		{ECC7816C-F505-461F-883D-99F559501F4A}.Debug|Any CPU.Build.0 = Debug|Any CPU
		{ECC7816C-F505-461F-883D-99F559501F4A}.Release|Any CPU.ActiveCfg = Release|Any CPU
		{ECC7816C-F505-461F-883D-99F559501F4A}.Release|Any CPU.Build.0 = Release|Any CPU
		{3E121EEF-DAE9-4799-99DF-0802D6C644BB}.Debug|Any CPU.ActiveCfg = Debug|Any CPU
		{3E121EEF-DAE9-4799-99DF-0802D6C644BB}.Debug|Any CPU.Build.0 = Debug|Any CPU
		{3E121EEF-DAE9-4799-99DF-0802D6C644BB}.Release|Any CPU.ActiveCfg = Release|Any CPU
		{3E121EEF-DAE9-4799-99DF-0802D6C644BB}.Release|Any CPU.Build.0 = Release|Any CPU
		{C154C972-2789-4666-852D-1215DFF4914A}.Debug|Any CPU.ActiveCfg = Debug|Any CPU
		{C154C972-2789-4666-852D-1215DFF4914A}.Debug|Any CPU.Build.0 = Debug|Any CPU
		{C154C972-2789-4666-852D-1215DFF4914A}.Release|Any CPU.ActiveCfg = Release|Any CPU
		{C154C972-2789-4666-852D-1215DFF4914A}.Release|Any CPU.Build.0 = Release|Any CPU
		{0580267C-8C3F-4D71-BD5A-851E67B08812}.Debug|Any CPU.ActiveCfg = Debug|Any CPU
		{0580267C-8C3F-4D71-BD5A-851E67B08812}.Debug|Any CPU.Build.0 = Debug|Any CPU
		{0580267C-8C3F-4D71-BD5A-851E67B08812}.Release|Any CPU.ActiveCfg = Release|Any CPU
		{0580267C-8C3F-4D71-BD5A-851E67B08812}.Release|Any CPU.Build.0 = Release|Any CPU
		{73229C43-9BB4-42B6-B7DF-A61A369CC85A}.Debug|Any CPU.ActiveCfg = Debug|Any CPU
		{73229C43-9BB4-42B6-B7DF-A61A369CC85A}.Debug|Any CPU.Build.0 = Debug|Any CPU
		{73229C43-9BB4-42B6-B7DF-A61A369CC85A}.Release|Any CPU.ActiveCfg = Release|Any CPU
		{73229C43-9BB4-42B6-B7DF-A61A369CC85A}.Release|Any CPU.Build.0 = Release|Any CPU
		{E26D3ECE-1846-46A7-A570-FE2A969561BC}.Debug|Any CPU.ActiveCfg = Debug|Any CPU
		{E26D3ECE-1846-46A7-A570-FE2A969561BC}.Debug|Any CPU.Build.0 = Debug|Any CPU
		{E26D3ECE-1846-46A7-A570-FE2A969561BC}.Release|Any CPU.ActiveCfg = Release|Any CPU
		{E26D3ECE-1846-46A7-A570-FE2A969561BC}.Release|Any CPU.Build.0 = Release|Any CPU
		{0F415C32-6D96-4551-AA5C-5101C267C4F6}.Debug|Any CPU.ActiveCfg = Debug|Any CPU
		{0F415C32-6D96-4551-AA5C-5101C267C4F6}.Debug|Any CPU.Build.0 = Debug|Any CPU
		{0F415C32-6D96-4551-AA5C-5101C267C4F6}.Release|Any CPU.ActiveCfg = Release|Any CPU
		{0F415C32-6D96-4551-AA5C-5101C267C4F6}.Release|Any CPU.Build.0 = Release|Any CPU
		{29CCB452-8D14-4FD4-AF65-7BD659640829}.Debug|Any CPU.ActiveCfg = Debug|Any CPU
		{29CCB452-8D14-4FD4-AF65-7BD659640829}.Debug|Any CPU.Build.0 = Debug|Any CPU
		{29CCB452-8D14-4FD4-AF65-7BD659640829}.Release|Any CPU.ActiveCfg = Release|Any CPU
		{29CCB452-8D14-4FD4-AF65-7BD659640829}.Release|Any CPU.Build.0 = Release|Any CPU
		{406E7194-6493-4031-9FC3-B341E84C9D1A}.Debug|Any CPU.ActiveCfg = Debug|Any CPU
		{406E7194-6493-4031-9FC3-B341E84C9D1A}.Debug|Any CPU.Build.0 = Debug|Any CPU
		{406E7194-6493-4031-9FC3-B341E84C9D1A}.Release|Any CPU.ActiveCfg = Release|Any CPU
		{406E7194-6493-4031-9FC3-B341E84C9D1A}.Release|Any CPU.Build.0 = Release|Any CPU
		{1AA0F144-F7E9-4C27-AE41-4CB8EC09DA20}.Debug|Any CPU.ActiveCfg = Debug|Any CPU
		{1AA0F144-F7E9-4C27-AE41-4CB8EC09DA20}.Debug|Any CPU.Build.0 = Debug|Any CPU
		{1AA0F144-F7E9-4C27-AE41-4CB8EC09DA20}.Release|Any CPU.ActiveCfg = Release|Any CPU
		{1AA0F144-F7E9-4C27-AE41-4CB8EC09DA20}.Release|Any CPU.Build.0 = Release|Any CPU
		{BDB0A081-4EA0-4986-8F45-6A0112835C13}.Debug|Any CPU.ActiveCfg = Debug|Any CPU
		{BDB0A081-4EA0-4986-8F45-6A0112835C13}.Debug|Any CPU.Build.0 = Debug|Any CPU
		{BDB0A081-4EA0-4986-8F45-6A0112835C13}.Release|Any CPU.ActiveCfg = Release|Any CPU
		{BDB0A081-4EA0-4986-8F45-6A0112835C13}.Release|Any CPU.Build.0 = Release|Any CPU
		{1EFF5441-4B33-4F9A-BDDA-E01243AC4AB9}.Debug|Any CPU.ActiveCfg = Debug|Any CPU
		{1EFF5441-4B33-4F9A-BDDA-E01243AC4AB9}.Debug|Any CPU.Build.0 = Debug|Any CPU
		{1EFF5441-4B33-4F9A-BDDA-E01243AC4AB9}.Release|Any CPU.ActiveCfg = Release|Any CPU
		{1EFF5441-4B33-4F9A-BDDA-E01243AC4AB9}.Release|Any CPU.Build.0 = Release|Any CPU
		{0EF3F2EB-B309-4F06-A14D-949B81B5B308}.Debug|Any CPU.ActiveCfg = Debug|Any CPU
		{0EF3F2EB-B309-4F06-A14D-949B81B5B308}.Debug|Any CPU.Build.0 = Debug|Any CPU
		{0EF3F2EB-B309-4F06-A14D-949B81B5B308}.Release|Any CPU.ActiveCfg = Release|Any CPU
		{0EF3F2EB-B309-4F06-A14D-949B81B5B308}.Release|Any CPU.Build.0 = Release|Any CPU
		{296667E4-9991-4F81-9CB9-B81FC9485825}.Debug|Any CPU.ActiveCfg = Debug|Any CPU
		{296667E4-9991-4F81-9CB9-B81FC9485825}.Debug|Any CPU.Build.0 = Debug|Any CPU
		{296667E4-9991-4F81-9CB9-B81FC9485825}.Release|Any CPU.ActiveCfg = Release|Any CPU
		{296667E4-9991-4F81-9CB9-B81FC9485825}.Release|Any CPU.Build.0 = Release|Any CPU
		{760DD7CC-474C-4386-BF15-71A4D2B24AE6}.Debug|Any CPU.ActiveCfg = Debug|Any CPU
		{760DD7CC-474C-4386-BF15-71A4D2B24AE6}.Debug|Any CPU.Build.0 = Debug|Any CPU
		{760DD7CC-474C-4386-BF15-71A4D2B24AE6}.Release|Any CPU.ActiveCfg = Release|Any CPU
		{760DD7CC-474C-4386-BF15-71A4D2B24AE6}.Release|Any CPU.Build.0 = Release|Any CPU
		{C3457E38-51A5-4FC0-AB43-9E70766F0C6D}.Debug|Any CPU.ActiveCfg = Debug|Any CPU
		{C3457E38-51A5-4FC0-AB43-9E70766F0C6D}.Debug|Any CPU.Build.0 = Debug|Any CPU
		{C3457E38-51A5-4FC0-AB43-9E70766F0C6D}.Release|Any CPU.ActiveCfg = Release|Any CPU
		{C3457E38-51A5-4FC0-AB43-9E70766F0C6D}.Release|Any CPU.Build.0 = Release|Any CPU
		{63896403-EF5A-40CE-80BE-188F63C57DF7}.Debug|Any CPU.ActiveCfg = Debug|Any CPU
		{63896403-EF5A-40CE-80BE-188F63C57DF7}.Debug|Any CPU.Build.0 = Debug|Any CPU
		{63896403-EF5A-40CE-80BE-188F63C57DF7}.Release|Any CPU.ActiveCfg = Release|Any CPU
		{63896403-EF5A-40CE-80BE-188F63C57DF7}.Release|Any CPU.Build.0 = Release|Any CPU
		{1358F788-638F-4AE6-8159-3406E280EF44}.Debug|Any CPU.ActiveCfg = Debug|Any CPU
		{1358F788-638F-4AE6-8159-3406E280EF44}.Debug|Any CPU.Build.0 = Debug|Any CPU
		{1358F788-638F-4AE6-8159-3406E280EF44}.Release|Any CPU.ActiveCfg = Release|Any CPU
		{1358F788-638F-4AE6-8159-3406E280EF44}.Release|Any CPU.Build.0 = Release|Any CPU
		{84BADDA1-AB3A-4064-B87E-178D7446901D}.Debug|Any CPU.ActiveCfg = Debug|Any CPU
		{84BADDA1-AB3A-4064-B87E-178D7446901D}.Debug|Any CPU.Build.0 = Debug|Any CPU
		{84BADDA1-AB3A-4064-B87E-178D7446901D}.Release|Any CPU.ActiveCfg = Release|Any CPU
		{84BADDA1-AB3A-4064-B87E-178D7446901D}.Release|Any CPU.Build.0 = Release|Any CPU
		{D5879452-68C7-4990-8776-0861594528C4}.Debug|Any CPU.ActiveCfg = Debug|Any CPU
		{D5879452-68C7-4990-8776-0861594528C4}.Debug|Any CPU.Build.0 = Debug|Any CPU
		{D5879452-68C7-4990-8776-0861594528C4}.Release|Any CPU.ActiveCfg = Release|Any CPU
		{D5879452-68C7-4990-8776-0861594528C4}.Release|Any CPU.Build.0 = Release|Any CPU
		{E84924AB-7111-453D-807F-DED12F72DBC4}.Debug|Any CPU.ActiveCfg = Debug|Any CPU
		{E84924AB-7111-453D-807F-DED12F72DBC4}.Debug|Any CPU.Build.0 = Debug|Any CPU
		{E84924AB-7111-453D-807F-DED12F72DBC4}.Release|Any CPU.ActiveCfg = Release|Any CPU
		{E84924AB-7111-453D-807F-DED12F72DBC4}.Release|Any CPU.Build.0 = Release|Any CPU
		{0A9E2222-EB8A-4FC1-B788-E95E7AB9CBFC}.Debug|Any CPU.ActiveCfg = Debug|Any CPU
		{0A9E2222-EB8A-4FC1-B788-E95E7AB9CBFC}.Debug|Any CPU.Build.0 = Debug|Any CPU
		{0A9E2222-EB8A-4FC1-B788-E95E7AB9CBFC}.Release|Any CPU.ActiveCfg = Release|Any CPU
		{0A9E2222-EB8A-4FC1-B788-E95E7AB9CBFC}.Release|Any CPU.Build.0 = Release|Any CPU
		{373720C3-09B2-4E02-B6EF-B48A28A94174}.Debug|Any CPU.ActiveCfg = Debug|Any CPU
		{373720C3-09B2-4E02-B6EF-B48A28A94174}.Debug|Any CPU.Build.0 = Debug|Any CPU
		{373720C3-09B2-4E02-B6EF-B48A28A94174}.Release|Any CPU.ActiveCfg = Release|Any CPU
		{373720C3-09B2-4E02-B6EF-B48A28A94174}.Release|Any CPU.Build.0 = Release|Any CPU
		{F7E9AE93-8CF6-4C0F-90EA-F876F7846DC7}.Debug|Any CPU.ActiveCfg = Debug|Any CPU
		{F7E9AE93-8CF6-4C0F-90EA-F876F7846DC7}.Debug|Any CPU.Build.0 = Debug|Any CPU
		{F7E9AE93-8CF6-4C0F-90EA-F876F7846DC7}.Release|Any CPU.ActiveCfg = Release|Any CPU
		{F7E9AE93-8CF6-4C0F-90EA-F876F7846DC7}.Release|Any CPU.Build.0 = Release|Any CPU
	EndGlobalSection
	GlobalSection(SolutionProperties) = preSolution
		HideSolutionNode = FALSE
	EndGlobalSection
	GlobalSection(NestedProjects) = preSolution
		{C154C972-2789-4666-852D-1215DFF4914A} = {FB69CB93-CE2B-4568-BB54-D1DFBA8B357C}
		{0580267C-8C3F-4D71-BD5A-851E67B08812} = {0C20AB8C-1916-4C68-9C55-0515B1841408}
		{73229C43-9BB4-42B6-B7DF-A61A369CC85A} = {0C20AB8C-1916-4C68-9C55-0515B1841408}
		{E26D3ECE-1846-46A7-A570-FE2A969561BC} = {0C20AB8C-1916-4C68-9C55-0515B1841408}
		{0F415C32-6D96-4551-AA5C-5101C267C4F6} = {0C20AB8C-1916-4C68-9C55-0515B1841408}
		{29CCB452-8D14-4FD4-AF65-7BD659640829} = {0C20AB8C-1916-4C68-9C55-0515B1841408}
		{406E7194-6493-4031-9FC3-B341E84C9D1A} = {0C20AB8C-1916-4C68-9C55-0515B1841408}
		{1AA0F144-F7E9-4C27-AE41-4CB8EC09DA20} = {0C20AB8C-1916-4C68-9C55-0515B1841408}
		{BDB0A081-4EA0-4986-8F45-6A0112835C13} = {0C20AB8C-1916-4C68-9C55-0515B1841408}
		{1EFF5441-4B33-4F9A-BDDA-E01243AC4AB9} = {0C20AB8C-1916-4C68-9C55-0515B1841408}
		{0EF3F2EB-B309-4F06-A14D-949B81B5B308} = {0C20AB8C-1916-4C68-9C55-0515B1841408}
		{296667E4-9991-4F81-9CB9-B81FC9485825} = {0C20AB8C-1916-4C68-9C55-0515B1841408}
		{760DD7CC-474C-4386-BF15-71A4D2B24AE6} = {0C20AB8C-1916-4C68-9C55-0515B1841408}
		{C3457E38-51A5-4FC0-AB43-9E70766F0C6D} = {CC555453-D8FC-4A85-BB8B-2A2873444B43}
		{63896403-EF5A-40CE-80BE-188F63C57DF7} = {CC555453-D8FC-4A85-BB8B-2A2873444B43}
		{1358F788-638F-4AE6-8159-3406E280EF44} = {CC555453-D8FC-4A85-BB8B-2A2873444B43}
		{84BADDA1-AB3A-4064-B87E-178D7446901D} = {0C20AB8C-1916-4C68-9C55-0515B1841408}
		{D5879452-68C7-4990-8776-0861594528C4} = {0C20AB8C-1916-4C68-9C55-0515B1841408}
		{E84924AB-7111-453D-807F-DED12F72DBC4} = {CC555453-D8FC-4A85-BB8B-2A2873444B43}
		{0A9E2222-EB8A-4FC1-B788-E95E7AB9CBFC} = {CC555453-D8FC-4A85-BB8B-2A2873444B43}
		{373720C3-09B2-4E02-B6EF-B48A28A94174} = {CC555453-D8FC-4A85-BB8B-2A2873444B43}
		{F7E9AE93-8CF6-4C0F-90EA-F876F7846DC7} = {0C20AB8C-1916-4C68-9C55-0515B1841408}
	EndGlobalSection
	GlobalSection(ExtensibilityGlobals) = postSolution
		SolutionGuid = {71A6DA07-2ECD-47A2-A2FE-37111201A1E6}
	EndGlobalSection
EndGlobal
